
Microsoft Visual Studio Solution File, Format Version 12.00
# Visual Studio 14
VisualStudioVersion = 14.0.25420.1
MinimumVisualStudioVersion = 10.0.40219.1
Project("{FAE04EC0-301F-11D3-BF4B-00C04F79EFBC}") = "DHHReg", "DHHReg\DHHReg.csproj", "{31FA6C2D-602D-4A84-A1FD-F05F7F1AA491}"
EndProject
Project("{FAE04EC0-301F-11D3-BF4B-00C04F79EFBC}") = "DHOReg", "DHOReg\DHOReg.csproj", "{E89667B3-843A-4AAA-8FA7-5629357246DB}"
EndProject
Project("{FAE04EC0-301F-11D3-BF4B-00C04F79EFBC}") = "DHCReg", "DHCReg\DHCReg.csproj", "{9F92925F-A60A-4B78-9882-A82A9D05FA30}"
EndProject
Global
	GlobalSection(SolutionConfigurationPlatforms) = preSolution
		Debug|Any CPU = Debug|Any CPU
		Debug|Mixed Platforms = Debug|Mixed Platforms
		Debug|x86 = Debug|x86
		Release|Any CPU = Release|Any CPU
		Release|Mixed Platforms = Release|Mixed Platforms
		Release|x86 = Release|x86
	EndGlobalSection
	GlobalSection(ProjectConfigurationPlatforms) = postSolution
		{31FA6C2D-602D-4A84-A1FD-F05F7F1AA491}.Debug|Any CPU.ActiveCfg = Debug|Any CPU
		{31FA6C2D-602D-4A84-A1FD-F05F7F1AA491}.Debug|Any CPU.Build.0 = Debug|Any CPU
		{31FA6C2D-602D-4A84-A1FD-F05F7F1AA491}.Debug|Mixed Platforms.ActiveCfg = Debug|Any CPU
		{31FA6C2D-602D-4A84-A1FD-F05F7F1AA491}.Debug|Mixed Platforms.Build.0 = Debug|Any CPU
		{31FA6C2D-602D-4A84-A1FD-F05F7F1AA491}.Debug|x86.ActiveCfg = Debug|Any CPU
		{31FA6C2D-602D-4A84-A1FD-F05F7F1AA491}.Debug|x86.Build.0 = Debug|Any CPU
		{31FA6C2D-602D-4A84-A1FD-F05F7F1AA491}.Release|Any CPU.ActiveCfg = Release|Any CPU
		{31FA6C2D-602D-4A84-A1FD-F05F7F1AA491}.Release|Any CPU.Build.0 = Release|Any CPU
		{31FA6C2D-602D-4A84-A1FD-F05F7F1AA491}.Release|Mixed Platforms.ActiveCfg = Release|Any CPU
		{31FA6C2D-602D-4A84-A1FD-F05F7F1AA491}.Release|Mixed Platforms.Build.0 = Release|Any CPU
		{31FA6C2D-602D-4A84-A1FD-F05F7F1AA491}.Release|x86.ActiveCfg = Release|Any CPU
		{31FA6C2D-602D-4A84-A1FD-F05F7F1AA491}.Release|x86.Build.0 = Release|Any CPU
		{E89667B3-843A-4AAA-8FA7-5629357246DB}.Debug|Any CPU.ActiveCfg = Debug|Any CPU
		{E89667B3-843A-4AAA-8FA7-5629357246DB}.Debug|Any CPU.Build.0 = Debug|Any CPU
		{E89667B3-843A-4AAA-8FA7-5629357246DB}.Debug|Mixed Platforms.ActiveCfg = Debug|Any CPU
		{E89667B3-843A-4AAA-8FA7-5629357246DB}.Debug|Mixed Platforms.Build.0 = Debug|Any CPU
		{E89667B3-843A-4AAA-8FA7-5629357246DB}.Debug|x86.ActiveCfg = Debug|Any CPU
		{E89667B3-843A-4AAA-8FA7-5629357246DB}.Debug|x86.Build.0 = Debug|Any CPU
		{E89667B3-843A-4AAA-8FA7-5629357246DB}.Release|Any CPU.ActiveCfg = Release|Any CPU
		{E89667B3-843A-4AAA-8FA7-5629357246DB}.Release|Any CPU.Build.0 = Release|Any CPU
		{E89667B3-843A-4AAA-8FA7-5629357246DB}.Release|Mixed Platforms.ActiveCfg = Release|Any CPU
		{E89667B3-843A-4AAA-8FA7-5629357246DB}.Release|Mixed Platforms.Build.0 = Release|Any CPU
		{E89667B3-843A-4AAA-8FA7-5629357246DB}.Release|x86.ActiveCfg = Release|Any CPU
		{E89667B3-843A-4AAA-8FA7-5629357246DB}.Release|x86.Build.0 = Release|Any CPU
		{9F92925F-A60A-4B78-9882-A82A9D05FA30}.Debug|Any CPU.ActiveCfg = Debug|Any CPU
		{9F92925F-A60A-4B78-9882-A82A9D05FA30}.Debug|Any CPU.Build.0 = Debug|Any CPU
		{9F92925F-A60A-4B78-9882-A82A9D05FA30}.Debug|Mixed Platforms.ActiveCfg = Debug|Any CPU
		{9F92925F-A60A-4B78-9882-A82A9D05FA30}.Debug|Mixed Platforms.Build.0 = Debug|Any CPU
		{9F92925F-A60A-4B78-9882-A82A9D05FA30}.Debug|x86.ActiveCfg = Debug|Any CPU
		{9F92925F-A60A-4B78-9882-A82A9D05FA30}.Debug|x86.Build.0 = Debug|Any CPU
		{9F92925F-A60A-4B78-9882-A82A9D05FA30}.Release|Any CPU.ActiveCfg = Release|Any CPU
		{9F92925F-A60A-4B78-9882-A82A9D05FA30}.Release|Any CPU.Build.0 = Release|Any CPU
		{9F92925F-A60A-4B78-9882-A82A9D05FA30}.Release|Mixed Platforms.ActiveCfg = Release|Any CPU
		{9F92925F-A60A-4B78-9882-A82A9D05FA30}.Release|Mixed Platforms.Build.0 = Release|Any CPU
		{9F92925F-A60A-4B78-9882-A82A9D05FA30}.Release|x86.ActiveCfg = Release|Any CPU
		{9F92925F-A60A-4B78-9882-A82A9D05FA30}.Release|x86.Build.0 = Release|Any CPU
	EndGlobalSection
	GlobalSection(SolutionProperties) = preSolution
		HideSolutionNode = FALSE
	EndGlobalSection
EndGlobal
