
Microsoft Visual Studio Solution File, Format Version 12.00
# Visual Studio 14
VisualStudioVersion = 14.0.23107.0
MinimumVisualStudioVersion = 10.0.40219.1
Project("{FAE04EC0-301F-11D3-BF4B-00C04F79EFBC}") = "BuildFileHash", "BuildFileHash\BuildFileHash.csproj", "{38EFBDCA-2598-49B4-BC37-0FE6DDC4C1EA}"
EndProject
Global
	GlobalSection(SolutionConfigurationPlatforms) = preSolution
		Debug|Any CPU = Debug|Any CPU
		Release|Any CPU = Release|Any CPU
	EndGlobalSection
	GlobalSection(ProjectConfigurationPlatforms) = postSolution
		{38EFBDCA-2598-49B4-BC37-0FE6DDC4C1EA}.Debug|Any CPU.ActiveCfg = Debug|Any CPU
		{38EFBDCA-2598-49B4-BC37-0FE6DDC4C1EA}.Debug|Any CPU.Build.0 = Debug|Any CPU
		{38EFBDCA-2598-49B4-BC37-0FE6DDC4C1EA}.Release|Any CPU.ActiveCfg = Release|Any CPU
		{38EFBDCA-2598-49B4-BC37-0FE6DDC4C1EA}.Release|Any CPU.Build.0 = Release|Any CPU
	EndGlobalSection
	GlobalSection(SolutionProperties) = preSolution
		HideSolutionNode = FALSE
	EndGlobalSection
EndGlobal
